
Microsoft Visual Studio Solution File, Format Version 12.00
# Visual Studio 15
VisualStudioVersion = 15.0.28307.779
MinimumVisualStudioVersion = 10.0.40219.1
Project("{FAE04EC0-301F-11D3-BF4B-00C04F79EFBC}") = "Queensfoil", "Queensfoil\Queensfoil.csproj", "{84ABF4C2-1EB0-4AD5-9F5B-1C6FF3CB4E17}"
EndProject
Global
	GlobalSection(SolutionConfigurationPlatforms) = preSolution
		Debug|Any CPU = Debug|Any CPU
		Release|Any CPU = Release|Any CPU
	EndGlobalSection
	GlobalSection(ProjectConfigurationPlatforms) = postSolution
		{84ABF4C2-1EB0-4AD5-9F5B-1C6FF3CB4E17}.Debug|Any CPU.ActiveCfg = Debug|Any CPU
		{84ABF4C2-1EB0-4AD5-9F5B-1C6FF3CB4E17}.Debug|Any CPU.Build.0 = Debug|Any CPU
		{84ABF4C2-1EB0-4AD5-9F5B-1C6FF3CB4E17}.Release|Any CPU.ActiveCfg = Release|Any CPU
		{84ABF4C2-1EB0-4AD5-9F5B-1C6FF3CB4E17}.Release|Any CPU.Build.0 = Release|Any CPU
	EndGlobalSection
	GlobalSection(SolutionProperties) = preSolution
		HideSolutionNode = FALSE
	EndGlobalSection
	GlobalSection(ExtensibilityGlobals) = postSolution
		SolutionGuid = {D5F7DCD3-48EE-4B19-B87E-BD4E61A703B9}
	EndGlobalSection
EndGlobal
